
Microsoft Visual Studio Solution File, Format Version 12.00
# Visual Studio Version 17
VisualStudioVersion = 17.2.32616.157
MinimumVisualStudioVersion = 10.0.40219.1
Project("{9A19103F-16F7-4668-BE54-9A1E7A4F7556}") = "AoC2022_Day1", "AoC2022_Day1\AoC2022_Day1.csproj", "{9EB47B16-FE59-477B-9816-F4375AF173C0}"
EndProject
Project("{9A19103F-16F7-4668-BE54-9A1E7A4F7556}") = "AoC2022_Day2", "AoC2022_Day2\AoC2022_Day2.csproj", "{AAB6F2BD-6C5B-47B2-8851-62020BB0FF57}"
EndProject
Project("{9A19103F-16F7-4668-BE54-9A1E7A4F7556}") = "AoC2022_Day3", "AoC2022_Day3\AoC2022_Day3.csproj", "{D600CB1A-10E3-4FE0-8B5E-2A58878F00C4}"
EndProject
Project("{9A19103F-16F7-4668-BE54-9A1E7A4F7556}") = "AoC2022_Day4", "AoC2022_Day4\AoC2022_Day4.csproj", "{11EE74AE-A206-475E-8760-6A62DD899E1A}"
EndProject
Project("{9A19103F-16F7-4668-BE54-9A1E7A4F7556}") = "AoC2022_Day5", "AoC2022_Day5\AoC2022_Day5.csproj", "{F7FD2AD6-5CB8-410F-8866-236F2813B527}"
EndProject
Project("{9A19103F-16F7-4668-BE54-9A1E7A4F7556}") = "AoC2022_Day6", "AoC2022_Day6\AoC2022_Day6.csproj", "{DD0091C9-7EDE-40AF-8075-ED5CC66B72B4}"
EndProject
Project("{9A19103F-16F7-4668-BE54-9A1E7A4F7556}") = "AoC2022_Day7", "AoC2022_Day7\AoC2022_Day7.csproj", "{9332A433-8AF4-4639-ABF3-0C3C7F26EFD2}"
EndProject
Project("{9A19103F-16F7-4668-BE54-9A1E7A4F7556}") = "AoC2022_Day8", "AoC2022_Day8\AoC2022_Day8.csproj", "{BB8CE202-27D3-4782-9FE4-E4F856FFA1CD}"
EndProject
Project("{9A19103F-16F7-4668-BE54-9A1E7A4F7556}") = "AoC2022_Day10", "AoC2022_Day10\AoC2022_Day10.csproj", "{00080590-8B53-4B68-B833-6F0F68448980}"
EndProject
Project("{9A19103F-16F7-4668-BE54-9A1E7A4F7556}") = "AoC2022_Day9", "AoC2022_Day9\AoC2022_Day9.csproj", "{D9F2987E-1FEF-4C5F-BF91-92D15416094A}"
EndProject
Project("{9A19103F-16F7-4668-BE54-9A1E7A4F7556}") = "AoC2022_Day12", "AoC2022_Day12\AoC2022_Day12.csproj", "{6E965AFF-4C22-4B0F-A344-1DAB67AC46DA}"
EndProject
Project("{FAE04EC0-301F-11D3-BF4B-00C04F79EFBC}") = "AoC2022_Day11", "AoC2022_Day11\AoC2022_Day11.csproj", "{E0109862-8832-4D66-B3F8-438CC6F090C5}"
EndProject
Project("{FAE04EC0-301F-11D3-BF4B-00C04F79EFBC}") = "AoC2022_Day13", "AoC2022_Day13\AoC2022_Day13.csproj", "{A08F2627-F63C-48D9-B1D5-47A4B52223D1}"
EndProject
Global
	GlobalSection(SolutionConfigurationPlatforms) = preSolution
		Debug|Any CPU = Debug|Any CPU
		Release|Any CPU = Release|Any CPU
	EndGlobalSection
	GlobalSection(ProjectConfigurationPlatforms) = postSolution
		{9EB47B16-FE59-477B-9816-F4375AF173C0}.Debug|Any CPU.ActiveCfg = Debug|Any CPU
		{9EB47B16-FE59-477B-9816-F4375AF173C0}.Debug|Any CPU.Build.0 = Debug|Any CPU
		{9EB47B16-FE59-477B-9816-F4375AF173C0}.Release|Any CPU.ActiveCfg = Release|Any CPU
		{9EB47B16-FE59-477B-9816-F4375AF173C0}.Release|Any CPU.Build.0 = Release|Any CPU
		{AAB6F2BD-6C5B-47B2-8851-62020BB0FF57}.Debug|Any CPU.ActiveCfg = Debug|Any CPU
		{AAB6F2BD-6C5B-47B2-8851-62020BB0FF57}.Debug|Any CPU.Build.0 = Debug|Any CPU
		{AAB6F2BD-6C5B-47B2-8851-62020BB0FF57}.Release|Any CPU.ActiveCfg = Release|Any CPU
		{AAB6F2BD-6C5B-47B2-8851-62020BB0FF57}.Release|Any CPU.Build.0 = Release|Any CPU
		{D600CB1A-10E3-4FE0-8B5E-2A58878F00C4}.Debug|Any CPU.ActiveCfg = Debug|Any CPU
		{D600CB1A-10E3-4FE0-8B5E-2A58878F00C4}.Debug|Any CPU.Build.0 = Debug|Any CPU
		{D600CB1A-10E3-4FE0-8B5E-2A58878F00C4}.Release|Any CPU.ActiveCfg = Release|Any CPU
		{D600CB1A-10E3-4FE0-8B5E-2A58878F00C4}.Release|Any CPU.Build.0 = Release|Any CPU
		{11EE74AE-A206-475E-8760-6A62DD899E1A}.Debug|Any CPU.ActiveCfg = Debug|Any CPU
		{11EE74AE-A206-475E-8760-6A62DD899E1A}.Debug|Any CPU.Build.0 = Debug|Any CPU
		{11EE74AE-A206-475E-8760-6A62DD899E1A}.Release|Any CPU.ActiveCfg = Release|Any CPU
		{11EE74AE-A206-475E-8760-6A62DD899E1A}.Release|Any CPU.Build.0 = Release|Any CPU
		{F7FD2AD6-5CB8-410F-8866-236F2813B527}.Debug|Any CPU.ActiveCfg = Debug|Any CPU
		{F7FD2AD6-5CB8-410F-8866-236F2813B527}.Debug|Any CPU.Build.0 = Debug|Any CPU
		{F7FD2AD6-5CB8-410F-8866-236F2813B527}.Release|Any CPU.ActiveCfg = Release|Any CPU
		{F7FD2AD6-5CB8-410F-8866-236F2813B527}.Release|Any CPU.Build.0 = Release|Any CPU
		{DD0091C9-7EDE-40AF-8075-ED5CC66B72B4}.Debug|Any CPU.ActiveCfg = Debug|Any CPU
		{DD0091C9-7EDE-40AF-8075-ED5CC66B72B4}.Debug|Any CPU.Build.0 = Debug|Any CPU
		{DD0091C9-7EDE-40AF-8075-ED5CC66B72B4}.Release|Any CPU.ActiveCfg = Release|Any CPU
		{DD0091C9-7EDE-40AF-8075-ED5CC66B72B4}.Release|Any CPU.Build.0 = Release|Any CPU
		{9332A433-8AF4-4639-ABF3-0C3C7F26EFD2}.Debug|Any CPU.ActiveCfg = Debug|Any CPU
		{9332A433-8AF4-4639-ABF3-0C3C7F26EFD2}.Debug|Any CPU.Build.0 = Debug|Any CPU
		{9332A433-8AF4-4639-ABF3-0C3C7F26EFD2}.Release|Any CPU.ActiveCfg = Release|Any CPU
		{9332A433-8AF4-4639-ABF3-0C3C7F26EFD2}.Release|Any CPU.Build.0 = Release|Any CPU
		{BB8CE202-27D3-4782-9FE4-E4F856FFA1CD}.Debug|Any CPU.ActiveCfg = Debug|Any CPU
		{BB8CE202-27D3-4782-9FE4-E4F856FFA1CD}.Debug|Any CPU.Build.0 = Debug|Any CPU
		{BB8CE202-27D3-4782-9FE4-E4F856FFA1CD}.Release|Any CPU.ActiveCfg = Release|Any CPU
		{BB8CE202-27D3-4782-9FE4-E4F856FFA1CD}.Release|Any CPU.Build.0 = Release|Any CPU
		{00080590-8B53-4B68-B833-6F0F68448980}.Debug|Any CPU.ActiveCfg = Debug|Any CPU
		{00080590-8B53-4B68-B833-6F0F68448980}.Debug|Any CPU.Build.0 = Debug|Any CPU
		{00080590-8B53-4B68-B833-6F0F68448980}.Release|Any CPU.ActiveCfg = Release|Any CPU
		{00080590-8B53-4B68-B833-6F0F68448980}.Release|Any CPU.Build.0 = Release|Any CPU
		{D9F2987E-1FEF-4C5F-BF91-92D15416094A}.Debug|Any CPU.ActiveCfg = Debug|Any CPU
		{D9F2987E-1FEF-4C5F-BF91-92D15416094A}.Debug|Any CPU.Build.0 = Debug|Any CPU
		{D9F2987E-1FEF-4C5F-BF91-92D15416094A}.Release|Any CPU.ActiveCfg = Release|Any CPU
		{D9F2987E-1FEF-4C5F-BF91-92D15416094A}.Release|Any CPU.Build.0 = Release|Any CPU
		{6E965AFF-4C22-4B0F-A344-1DAB67AC46DA}.Debug|Any CPU.ActiveCfg = Debug|Any CPU
		{6E965AFF-4C22-4B0F-A344-1DAB67AC46DA}.Debug|Any CPU.Build.0 = Debug|Any CPU
		{6E965AFF-4C22-4B0F-A344-1DAB67AC46DA}.Release|Any CPU.ActiveCfg = Release|Any CPU
		{6E965AFF-4C22-4B0F-A344-1DAB67AC46DA}.Release|Any CPU.Build.0 = Release|Any CPU
		{E0109862-8832-4D66-B3F8-438CC6F090C5}.Debug|Any CPU.ActiveCfg = Debug|Any CPU
		{E0109862-8832-4D66-B3F8-438CC6F090C5}.Debug|Any CPU.Build.0 = Debug|Any CPU
		{E0109862-8832-4D66-B3F8-438CC6F090C5}.Release|Any CPU.ActiveCfg = Release|Any CPU
		{E0109862-8832-4D66-B3F8-438CC6F090C5}.Release|Any CPU.Build.0 = Release|Any CPU
		{A08F2627-F63C-48D9-B1D5-47A4B52223D1}.Debug|Any CPU.ActiveCfg = Debug|Any CPU
		{A08F2627-F63C-48D9-B1D5-47A4B52223D1}.Debug|Any CPU.Build.0 = Debug|Any CPU
		{A08F2627-F63C-48D9-B1D5-47A4B52223D1}.Release|Any CPU.ActiveCfg = Release|Any CPU
		{A08F2627-F63C-48D9-B1D5-47A4B52223D1}.Release|Any CPU.Build.0 = Release|Any CPU
	EndGlobalSection
	GlobalSection(SolutionProperties) = preSolution
		HideSolutionNode = FALSE
	EndGlobalSection
	GlobalSection(ExtensibilityGlobals) = postSolution
		SolutionGuid = {D28C6E74-D8EA-40C4-AB67-837B50F5D914}
	EndGlobalSection
EndGlobal
